
Microsoft Visual Studio Solution File, Format Version 12.00
# Visual Studio 15
VisualStudioVersion = 15.0.28307.168
MinimumVisualStudioVersion = 10.0.40219.1
Project("{FAE04EC0-301F-11D3-BF4B-00C04F79EFBC}") = "WindowsFormsApp1", "WindowsFormsApp1\WindowsFormsApp1.csproj", "{488444AA-CEB5-47EF-9266-A17D76773F8B}"
EndProject
Project("{FAE04EC0-301F-11D3-BF4B-00C04F79EFBC}") = "ClassLibrary1", "ClassLibrary1\ClassLibrary1.csproj", "{BA99443B-A815-4A1E-98CC-B2E49F7C0246}"
EndProject
Project("{FAE04EC0-301F-11D3-BF4B-00C04F79EFBC}") = "ClassLibraryplugin1", "ClassLibraryplugin1\ClassLibraryplugin1.csproj", "{6F122753-9593-4F7C-8937-13B71C763014}"
EndProject
Project("{FAE04EC0-301F-11D3-BF4B-00C04F79EFBC}") = "ClassLibraryplugin2", "ClassLibraryplugin2\ClassLibraryplugin2.csproj", "{6D069663-82EF-4AE9-A832-7BCB87A84828}"
EndProject
Global
	GlobalSection(SolutionConfigurationPlatforms) = preSolution
		Debug|Any CPU = Debug|Any CPU
		Release|Any CPU = Release|Any CPU
	EndGlobalSection
	GlobalSection(ProjectConfigurationPlatforms) = postSolution
		{488444AA-CEB5-47EF-9266-A17D76773F8B}.Debug|Any CPU.ActiveCfg = Debug|Any CPU
		{488444AA-CEB5-47EF-9266-A17D76773F8B}.Debug|Any CPU.Build.0 = Debug|Any CPU
		{488444AA-CEB5-47EF-9266-A17D76773F8B}.Release|Any CPU.ActiveCfg = Release|Any CPU
		{488444AA-CEB5-47EF-9266-A17D76773F8B}.Release|Any CPU.Build.0 = Release|Any CPU
		{BA99443B-A815-4A1E-98CC-B2E49F7C0246}.Debug|Any CPU.ActiveCfg = Debug|Any CPU
		{BA99443B-A815-4A1E-98CC-B2E49F7C0246}.Debug|Any CPU.Build.0 = Debug|Any CPU
		{BA99443B-A815-4A1E-98CC-B2E49F7C0246}.Release|Any CPU.ActiveCfg = Release|Any CPU
		{BA99443B-A815-4A1E-98CC-B2E49F7C0246}.Release|Any CPU.Build.0 = Release|Any CPU
		{6F122753-9593-4F7C-8937-13B71C763014}.Debug|Any CPU.ActiveCfg = Debug|Any CPU
		{6F122753-9593-4F7C-8937-13B71C763014}.Debug|Any CPU.Build.0 = Debug|Any CPU
		{6F122753-9593-4F7C-8937-13B71C763014}.Release|Any CPU.ActiveCfg = Release|Any CPU
		{6F122753-9593-4F7C-8937-13B71C763014}.Release|Any CPU.Build.0 = Release|Any CPU
		{6D069663-82EF-4AE9-A832-7BCB87A84828}.Debug|Any CPU.ActiveCfg = Debug|Any CPU
		{6D069663-82EF-4AE9-A832-7BCB87A84828}.Debug|Any CPU.Build.0 = Debug|Any CPU
		{6D069663-82EF-4AE9-A832-7BCB87A84828}.Release|Any CPU.ActiveCfg = Release|Any CPU
		{6D069663-82EF-4AE9-A832-7BCB87A84828}.Release|Any CPU.Build.0 = Release|Any CPU
	EndGlobalSection
	GlobalSection(SolutionProperties) = preSolution
		HideSolutionNode = FALSE
	EndGlobalSection
	GlobalSection(ExtensibilityGlobals) = postSolution
		SolutionGuid = {A152F0FA-5427-4919-918B-4F3BFA17F159}
	EndGlobalSection
EndGlobal
